# THIS IS AN AUTOGENERATED FILE. DO NOT EDIT THIS FILE DIRECTLY.
# yarn lockfile v1


"@types/graphql@0.12.6":
  version "0.12.6"
  resolved "https://registry.yarnpkg.com/@types/graphql/-/graphql-0.12.6.tgz#3d619198585fcabe5f4e1adfb5cf5f3388c66c13"

ansi-regex@^0.2.0, ansi-regex@^0.2.1:
  version "0.2.1"
  resolved "https://registry.yarnpkg.com/ansi-regex/-/ansi-regex-0.2.1.tgz#0d8e946967a3d8143f93e24e298525fc1b2235f9"

ansi-styles@^1.1.0:
  version "1.1.0"
  resolved "https://registry.yarnpkg.com/ansi-styles/-/ansi-styles-1.1.0.tgz#eaecbf66cd706882760b2f4691582b8f55d7a7de"

apollo-link-ws@^1.0.8:
  version "1.0.8"
  resolved "https://registry.yarnpkg.com/apollo-link-ws/-/apollo-link-ws-1.0.8.tgz#ac1de8f29e92418728479a9a523af9f75b9ccc8b"
  dependencies:
    apollo-link "^1.2.2"

apollo-link@^1.2.2:
  version "1.2.2"
  resolved "https://registry.yarnpkg.com/apollo-link/-/apollo-link-1.2.2.tgz#54c84199b18ac1af8d63553a68ca389c05217a03"
  dependencies:
    "@types/graphql" "0.12.6"
    apollo-utilities "^1.0.0"
    zen-observable-ts "^0.8.9"

apollo-utilities@^1.0.0:
  version "1.0.11"
  resolved "https://registry.yarnpkg.com/apollo-utilities/-/apollo-utilities-1.0.11.tgz#cd36bfa6e5c04eea2caf0c204a0f38a0ad550802"

async-limiter@~1.0.0:
  version "1.0.0"
  resolved "https://registry.yarnpkg.com/async-limiter/-/async-limiter-1.0.0.tgz#78faed8c3d074ab81f22b4e985d79e8738f720f8"

backo2@^1.0.2:
  version "1.0.2"
  resolved "https://registry.yarnpkg.com/backo2/-/backo2-1.0.2.tgz#31ab1ac8b129363463e35b3ebb69f4dfcfba7947"

chalk@0.5.1:
  version "0.5.1"
  resolved "https://registry.yarnpkg.com/chalk/-/chalk-0.5.1.tgz#663b3a648b68b55d04690d49167aa837858f2174"
  dependencies:
    ansi-styles "^1.1.0"
    escape-string-regexp "^1.0.0"
    has-ansi "^0.1.0"
    strip-ansi "^0.3.0"
    supports-color "^0.2.0"

commander@2.6.0:
  version "2.6.0"
  resolved "https://registry.yarnpkg.com/commander/-/commander-2.6.0.tgz#9df7e52fb2a0cb0fb89058ee80c3104225f37e1d"

concurrently@^3.5.1:
  version "3.5.1"
  resolved "https://registry.yarnpkg.com/concurrently/-/concurrently-3.5.1.tgz#ee8b60018bbe86b02df13e5249453c6ececd2521"
  dependencies:
    chalk "0.5.1"
    commander "2.6.0"
    date-fns "^1.23.0"
    lodash "^4.5.1"
    rx "2.3.24"
    spawn-command "^0.0.2-1"
    supports-color "^3.2.3"
    tree-kill "^1.1.0"

date-fns@^1.23.0:
  version "1.29.0"
  resolved "https://registry.yarnpkg.com/date-fns/-/date-fns-1.29.0.tgz#12e609cdcb935127311d04d33334e2960a2a54e6"

escape-string-regexp@^1.0.0:
  version "1.0.5"
  resolved "https://registry.yarnpkg.com/escape-string-regexp/-/escape-string-regexp-1.0.5.tgz#1b61c0562190a8dff6ae3bb2cf0200ca130b86d4"

eventemitter3@^2.0.3:
  version "2.0.3"
  resolved "https://registry.yarnpkg.com/eventemitter3/-/eventemitter3-2.0.3.tgz#b5e1079b59fb5e1ba2771c0a993be060a58c99ba"

has-ansi@^0.1.0:
  version "0.1.0"
  resolved "https://registry.yarnpkg.com/has-ansi/-/has-ansi-0.1.0.tgz#84f265aae8c0e6a88a12d7022894b7568894c62e"
  dependencies:
    ansi-regex "^0.2.0"

has-flag@^1.0.0:
  version "1.0.0"
  resolved "https://registry.yarnpkg.com/has-flag/-/has-flag-1.0.0.tgz#9d9e793165ce017a00f00418c43f942a7b1d11fa"

iterall@^1.2.1:
  version "1.2.2"
  resolved "https://registry.yarnpkg.com/iterall/-/iterall-1.2.2.tgz#92d70deb8028e0c39ff3164fdbf4d8b088130cd7"

lodash.assign@^4.2.0:
  version "4.2.0"
  resolved "https://registry.yarnpkg.com/lodash.assign/-/lodash.assign-4.2.0.tgz#0d99f3ccd7a6d261d19bdaeb9245005d285808e7"

lodash.isobject@^3.0.2:
  version "3.0.2"
  resolved "https://registry.yarnpkg.com/lodash.isobject/-/lodash.isobject-3.0.2.tgz#3c8fb8d5b5bf4bf90ae06e14f2a530a4ed935e1d"

lodash.isstring@^4.0.1:
  version "4.0.1"
  resolved "https://registry.yarnpkg.com/lodash.isstring/-/lodash.isstring-4.0.1.tgz#d527dfb5456eca7cc9bb95d5daeaf88ba54a5451"

lodash@^4.5.1:
  version "4.17.10"
  resolved "https://registry.yarnpkg.com/lodash/-/lodash-4.17.10.tgz#1b7793cf7259ea38fb3661d4d38b3260af8ae4e7"

rx@2.3.24:
  version "2.3.24"
  resolved "https://registry.yarnpkg.com/rx/-/rx-2.3.24.tgz#14f950a4217d7e35daa71bbcbe58eff68ea4b2b7"

safe-buffer@~5.1.0:
  version "5.1.2"
  resolved "https://registry.yarnpkg.com/safe-buffer/-/safe-buffer-5.1.2.tgz#991ec69d296e0313747d59bdfd2b745c35f8828d"

spawn-command@^0.0.2-1:
  version "0.0.2-1"
  resolved "https://registry.yarnpkg.com/spawn-command/-/spawn-command-0.0.2-1.tgz#62f5e9466981c1b796dc5929937e11c9c6921bd0"

strip-ansi@^0.3.0:
  version "0.3.0"
  resolved "https://registry.yarnpkg.com/strip-ansi/-/strip-ansi-0.3.0.tgz#25f48ea22ca79187f3174a4db8759347bb126220"
  dependencies:
    ansi-regex "^0.2.1"

subscriptions-transport-ws@^0.9.8:
  version "0.9.8"
  resolved "https://registry.yarnpkg.com/subscriptions-transport-ws/-/subscriptions-transport-ws-0.9.8.tgz#3a26ab96e06f78cf4ace8d083f6227fa55970947"
  dependencies:
    backo2 "^1.0.2"
    eventemitter3 "^2.0.3"
    iterall "^1.2.1"
    lodash.assign "^4.2.0"
    lodash.isobject "^3.0.2"
    lodash.isstring "^4.0.1"
    symbol-observable "^1.0.4"
    ws "^3.0.0"

supports-color@^0.2.0:
  version "0.2.0"
  resolved "https://registry.yarnpkg.com/supports-color/-/supports-color-0.2.0.tgz#d92de2694eb3f67323973d7ae3d8b55b4c22190a"

supports-color@^3.2.3:
  version "3.2.3"
  resolved "https://registry.yarnpkg.com/supports-color/-/supports-color-3.2.3.tgz#65ac0504b3954171d8a64946b2ae3cbb8a5f54f6"
  dependencies:
    has-flag "^1.0.0"

symbol-observable@^1.0.4:
  version "1.2.0"
  resolved "https://registry.yarnpkg.com/symbol-observable/-/symbol-observable-1.2.0.tgz#c22688aed4eab3cdc2dfeacbb561660560a00804"

tree-kill@^1.1.0:
  version "1.2.0"
  resolved "https://registry.yarnpkg.com/tree-kill/-/tree-kill-1.2.0.tgz#5846786237b4239014f05db156b643212d4c6f36"

ultron@~1.1.0:
  version "1.1.1"
  resolved "https://registry.yarnpkg.com/ultron/-/ultron-1.1.1.tgz#9fe1536a10a664a65266a1e3ccf85fd36302bc9c"

ws@^3.0.0:
  version "3.3.3"
  resolved "https://registry.yarnpkg.com/ws/-/ws-3.3.3.tgz#f1cf84fe2d5e901ebce94efaece785f187a228f2"
  dependencies:
    async-limiter "~1.0.0"
    safe-buffer "~5.1.0"
    ultron "~1.1.0"

zen-observable-ts@^0.8.9:
  version "0.8.9"
  resolved "https://registry.yarnpkg.com/zen-observable-ts/-/zen-observable-ts-0.8.9.tgz#d3c97af08c0afdca37ebcadf7cc3ee96bda9bab1"
  dependencies:
    zen-observable "^0.8.0"

zen-observable@^0.8.0:
  version "0.8.8"
  resolved "https://registry.yarnpkg.com/zen-observable/-/zen-observable-0.8.8.tgz#1ea93995bf098754a58215a1e0a7309e5749ec42"
